# THIS IS AN AUTOGENERATED FILE. DO NOT EDIT THIS FILE DIRECTLY.
# yarn lockfile v1


asma-types@^1.1.31:
  version "1.1.31"
  resolved "https://registry.yarnpkg.com/asma-types/-/asma-types-1.1.31.tgz#d7839465f765a6e239052a2d4c6bc73b23ad1a86"
  integrity sha512-XDNDg/vw4rFDab8OSB70eWgahXibo0QdpsI2OIFlcg8z+QpWuwXc3gG+8fMbz+3/P97gv/CjrlMzLR83KROYKg==

typescript@^5.0.4:
  version "5.0.4"
  resolved "https://registry.yarnpkg.com/typescript/-/typescript-5.0.4.tgz#b217fd20119bd61a94d4011274e0ab369058da3b"
  integrity sha512-cW9T5W9xY37cc+jfEnaUvX91foxtHkza3Nw3wkoF4sSlKn0MONdkdEndig/qPBWXNkmplh3NzayQzCiHM4/hqw==
