# THIS IS AN AUTOGENERATED FILE. DO NOT EDIT THIS FILE DIRECTLY.
# yarn lockfile v1


asma-types@^1.1.18:
  version "1.1.18"
  resolved "https://registry.yarnpkg.com/asma-types/-/asma-types-1.1.18.tgz#1bdba38afa6a8a831cd99b1c8328fb73f402bb65"
  integrity sha512-ovWivxIKc1K3ke8hTnjPOO10YR9G6s2uh0gitK+bdk0jsf4pQVjo0c3vxViEdmOUm7OHym+AFqtoqyRrWbDnWw==

typescript@^4.7.4:
  version "4.8.3"
  resolved "https://registry.yarnpkg.com/typescript/-/typescript-4.8.3.tgz#d59344522c4bc464a65a730ac695007fdb66dd88"
  integrity sha512-goMHfm00nWPa8UvR/CPSvykqf6dVV8x/dp0c5mFTMTIu0u0FlGWRioyy7Nn0PGAdHxpJZnuO/ut+PpQ8UiHAig==
