# THIS IS AN AUTOGENERATED FILE. DO NOT EDIT THIS FILE DIRECTLY.
# yarn lockfile v1


asma-types@^1.1.31:
  version "1.1.31"
  resolved "https://registry.yarnpkg.com/asma-types/-/asma-types-1.1.31.tgz#d7839465f765a6e239052a2d4c6bc73b23ad1a86"
  integrity sha512-XDNDg/vw4rFDab8OSB70eWgahXibo0QdpsI2OIFlcg8z+QpWuwXc3gG+8fMbz+3/P97gv/CjrlMzLR83KROYKg==

typescript@^4.7.4:
  version "4.8.3"
  resolved "https://registry.yarnpkg.com/typescript/-/typescript-4.8.3.tgz#d59344522c4bc464a65a730ac695007fdb66dd88"
  integrity sha512-goMHfm00nWPa8UvR/CPSvykqf6dVV8x/dp0c5mFTMTIu0u0FlGWRioyy7Nn0PGAdHxpJZnuO/ut+PpQ8UiHAig==
